
Microsoft Visual Studio Solution File, Format Version 12.00
# Visual Studio Version 16
VisualStudioVersion = 16.0.32630.194
MinimumVisualStudioVersion = 10.0.40219.1
Project("{FAE04EC0-301F-11D3-BF4B-00C04F79EFBC}") = "Constructor", "Constructor\Constructor.csproj", "{6224F923-E75E-46CF-80C9-E4DEEA2091DE}"
EndProject
Global
	GlobalSection(SolutionConfigurationPlatforms) = preSolution
		Debug|Any CPU = Debug|Any CPU
		Release|Any CPU = Release|Any CPU
	EndGlobalSection
	GlobalSection(ProjectConfigurationPlatforms) = postSolution
		{6224F923-E75E-46CF-80C9-E4DEEA2091DE}.Debug|Any CPU.ActiveCfg = Debug|Any CPU
		{6224F923-E75E-46CF-80C9-E4DEEA2091DE}.Debug|Any CPU.Build.0 = Debug|Any CPU
		{6224F923-E75E-46CF-80C9-E4DEEA2091DE}.Release|Any CPU.ActiveCfg = Release|Any CPU
		{6224F923-E75E-46CF-80C9-E4DEEA2091DE}.Release|Any CPU.Build.0 = Release|Any CPU
	EndGlobalSection
	GlobalSection(SolutionProperties) = preSolution
		HideSolutionNode = FALSE
	EndGlobalSection
	GlobalSection(ExtensibilityGlobals) = postSolution
		SolutionGuid = {C2876524-A2C7-4C7C-9A82-AAB0FD8C503A}
	EndGlobalSection
EndGlobal
