
Microsoft Visual Studio Solution File, Format Version 12.00
# Visual Studio Version 16
VisualStudioVersion = 16.0.32510.428
MinimumVisualStudioVersion = 10.0.40219.1
Project("{FAE04EC0-301F-11D3-BF4B-00C04F79EFBC}") = "GenericParameters", "GenericParameters\GenericParameters.csproj", "{E7189A20-8277-4DE9-AAFE-A5BFC9F9DC70}"
EndProject
Global
	GlobalSection(SolutionConfigurationPlatforms) = preSolution
		Debug|Any CPU = Debug|Any CPU
		Release|Any CPU = Release|Any CPU
	EndGlobalSection
	GlobalSection(ProjectConfigurationPlatforms) = postSolution
		{E7189A20-8277-4DE9-AAFE-A5BFC9F9DC70}.Debug|Any CPU.ActiveCfg = Debug|Any CPU
		{E7189A20-8277-4DE9-AAFE-A5BFC9F9DC70}.Debug|Any CPU.Build.0 = Debug|Any CPU
		{E7189A20-8277-4DE9-AAFE-A5BFC9F9DC70}.Release|Any CPU.ActiveCfg = Release|Any CPU
		{E7189A20-8277-4DE9-AAFE-A5BFC9F9DC70}.Release|Any CPU.Build.0 = Release|Any CPU
	EndGlobalSection
	GlobalSection(SolutionProperties) = preSolution
		HideSolutionNode = FALSE
	EndGlobalSection
	GlobalSection(ExtensibilityGlobals) = postSolution
		SolutionGuid = {A8F30FCF-6DF6-4A98-B230-E3D9AF9E027D}
	EndGlobalSection
EndGlobal
