
Microsoft Visual Studio Solution File, Format Version 12.00
# Visual Studio Version 17
VisualStudioVersion = 17.3.32804.467
MinimumVisualStudioVersion = 10.0.40219.1
Project("{FAE04EC0-301F-11D3-BF4B-00C04F79EFBC}") = "ServerTimeCoreApp", "ServerTimeCoreApp\ServerTimeCoreApp.csproj", "{E5582401-2167-41F7-BC58-A7044909DBED}"
EndProject
Global
	GlobalSection(SolutionConfigurationPlatforms) = preSolution
		Debug|Any CPU = Debug|Any CPU
		Release|Any CPU = Release|Any CPU
	EndGlobalSection
	GlobalSection(ProjectConfigurationPlatforms) = postSolution
		{E5582401-2167-41F7-BC58-A7044909DBED}.Debug|Any CPU.ActiveCfg = Debug|Any CPU
		{E5582401-2167-41F7-BC58-A7044909DBED}.Debug|Any CPU.Build.0 = Debug|Any CPU
		{E5582401-2167-41F7-BC58-A7044909DBED}.Release|Any CPU.ActiveCfg = Release|Any CPU
		{E5582401-2167-41F7-BC58-A7044909DBED}.Release|Any CPU.Build.0 = Release|Any CPU
	EndGlobalSection
	GlobalSection(SolutionProperties) = preSolution
		HideSolutionNode = FALSE
	EndGlobalSection
	GlobalSection(ExtensibilityGlobals) = postSolution
		SolutionGuid = {0E929E68-21C9-4CAC-965C-ACB37CABE39E}
	EndGlobalSection
EndGlobal
